
Microsoft Visual Studio Solution File, Format Version 12.00
# Visual Studio Version 16
VisualStudioVersion = 16.0.31729.503
MinimumVisualStudioVersion = 10.0.40219.1
Project("{8BC9CEB8-8B4A-11D0-8D11-00A0C91BC942}") = "Strelnikov Sergey 211-353 LAB2", "Strelnikov Sergey 211-353 LAB2\Strelnikov Sergey 211-353 LAB2.vcxproj", "{39950E47-E09D-4CC1-A3FE-0045296A50DC}"
EndProject
Global
	GlobalSection(SolutionConfigurationPlatforms) = preSolution
		Debug|x64 = Debug|x64
		Debug|x86 = Debug|x86
		Release|x64 = Release|x64
		Release|x86 = Release|x86
	EndGlobalSection
	GlobalSection(ProjectConfigurationPlatforms) = postSolution
		{39950E47-E09D-4CC1-A3FE-0045296A50DC}.Debug|x64.ActiveCfg = Debug|x64
		{39950E47-E09D-4CC1-A3FE-0045296A50DC}.Debug|x64.Build.0 = Debug|x64
		{39950E47-E09D-4CC1-A3FE-0045296A50DC}.Debug|x86.ActiveCfg = Debug|Win32
		{39950E47-E09D-4CC1-A3FE-0045296A50DC}.Debug|x86.Build.0 = Debug|Win32
		{39950E47-E09D-4CC1-A3FE-0045296A50DC}.Release|x64.ActiveCfg = Release|x64
		{39950E47-E09D-4CC1-A3FE-0045296A50DC}.Release|x64.Build.0 = Release|x64
		{39950E47-E09D-4CC1-A3FE-0045296A50DC}.Release|x86.ActiveCfg = Release|Win32
		{39950E47-E09D-4CC1-A3FE-0045296A50DC}.Release|x86.Build.0 = Release|Win32
	EndGlobalSection
	GlobalSection(SolutionProperties) = preSolution
		HideSolutionNode = FALSE
	EndGlobalSection
	GlobalSection(ExtensibilityGlobals) = postSolution
		SolutionGuid = {4DE0D5E7-2E4C-4712-B274-DDB4B7A6C3DB}
	EndGlobalSection
EndGlobal
