
Microsoft Visual Studio Solution File, Format Version 12.00
# Visual Studio Version 16
VisualStudioVersion = 16.0.31729.503
MinimumVisualStudioVersion = 10.0.40219.1
Project("{8BC9CEB8-8B4A-11D0-8D11-00A0C91BC942}") = "6.4", "6.4\6.4.vcxproj", "{52698927-6184-4FE1-8693-29E991C8E83A}"
EndProject
Global
	GlobalSection(SolutionConfigurationPlatforms) = preSolution
		Debug|x64 = Debug|x64
		Debug|x86 = Debug|x86
		Release|x64 = Release|x64
		Release|x86 = Release|x86
	EndGlobalSection
	GlobalSection(ProjectConfigurationPlatforms) = postSolution
		{52698927-6184-4FE1-8693-29E991C8E83A}.Debug|x64.ActiveCfg = Debug|x64
		{52698927-6184-4FE1-8693-29E991C8E83A}.Debug|x64.Build.0 = Debug|x64
		{52698927-6184-4FE1-8693-29E991C8E83A}.Debug|x86.ActiveCfg = Debug|Win32
		{52698927-6184-4FE1-8693-29E991C8E83A}.Debug|x86.Build.0 = Debug|Win32
		{52698927-6184-4FE1-8693-29E991C8E83A}.Release|x64.ActiveCfg = Release|x64
		{52698927-6184-4FE1-8693-29E991C8E83A}.Release|x64.Build.0 = Release|x64
		{52698927-6184-4FE1-8693-29E991C8E83A}.Release|x86.ActiveCfg = Release|Win32
		{52698927-6184-4FE1-8693-29E991C8E83A}.Release|x86.Build.0 = Release|Win32
	EndGlobalSection
	GlobalSection(SolutionProperties) = preSolution
		HideSolutionNode = FALSE
	EndGlobalSection
	GlobalSection(ExtensibilityGlobals) = postSolution
		SolutionGuid = {27A8AEC7-1D33-4123-8225-54D2B2AC2E56}
	EndGlobalSection
EndGlobal
